
Microsoft Visual Studio Solution File, Format Version 12.00
# Visual Studio Version 16
VisualStudioVersion = 16.0.29609.76
MinimumVisualStudioVersion = 10.0.40219.1
Project("{FAE04EC0-301F-11D3-BF4B-00C04F79EFBC}") = "SeminarskiAvioK", "SeminarskiAvioK\SeminarskiAvioK.csproj", "{5F9906C5-0AF3-469F-8F02-896E604D41A2}"
EndProject
Project("{FAE04EC0-301F-11D3-BF4B-00C04F79EFBC}") = "SeminarskiAvio_K", "SeminarskiAvio_K\SeminarskiAvio_K.csproj", "{FABE0717-7AC8-4F2F-BFF2-62CAA2DCF810}"
EndProject
Global
	GlobalSection(SolutionConfigurationPlatforms) = preSolution
		Debug|Any CPU = Debug|Any CPU
		Release|Any CPU = Release|Any CPU
	EndGlobalSection
	GlobalSection(ProjectConfigurationPlatforms) = postSolution
		{5F9906C5-0AF3-469F-8F02-896E604D41A2}.Debug|Any CPU.ActiveCfg = Debug|Any CPU
		{5F9906C5-0AF3-469F-8F02-896E604D41A2}.Debug|Any CPU.Build.0 = Debug|Any CPU
		{5F9906C5-0AF3-469F-8F02-896E604D41A2}.Release|Any CPU.ActiveCfg = Release|Any CPU
		{5F9906C5-0AF3-469F-8F02-896E604D41A2}.Release|Any CPU.Build.0 = Release|Any CPU
		{FABE0717-7AC8-4F2F-BFF2-62CAA2DCF810}.Debug|Any CPU.ActiveCfg = Debug|Any CPU
		{FABE0717-7AC8-4F2F-BFF2-62CAA2DCF810}.Debug|Any CPU.Build.0 = Debug|Any CPU
		{FABE0717-7AC8-4F2F-BFF2-62CAA2DCF810}.Release|Any CPU.ActiveCfg = Release|Any CPU
		{FABE0717-7AC8-4F2F-BFF2-62CAA2DCF810}.Release|Any CPU.Build.0 = Release|Any CPU
	EndGlobalSection
	GlobalSection(SolutionProperties) = preSolution
		HideSolutionNode = FALSE
	EndGlobalSection
	GlobalSection(ExtensibilityGlobals) = postSolution
		SolutionGuid = {90A52244-222C-47B7-80D6-70AC3EB41308}
	EndGlobalSection
EndGlobal
